
Microsoft Visual Studio Solution File, Format Version 12.00
# Visual Studio Version 17
VisualStudioVersion = 17.5.33530.505
MinimumVisualStudioVersion = 10.0.40219.1
Project("{888888A0-9F3D-457C-B088-3A5042F75D52}") = "Торговая_сеть_API_Postgres", "Торговая_сеть_API_Postgres.pyproj", "{ECED59CA-7A9D-4BF5-BE57-DAC6D725B41E}"
EndProject
Global
	GlobalSection(SolutionConfigurationPlatforms) = preSolution
		Debug|Any CPU = Debug|Any CPU
		Release|Any CPU = Release|Any CPU
	EndGlobalSection
	GlobalSection(ProjectConfigurationPlatforms) = postSolution
		{ECED59CA-7A9D-4BF5-BE57-DAC6D725B41E}.Debug|Any CPU.ActiveCfg = Debug|Any CPU
		{ECED59CA-7A9D-4BF5-BE57-DAC6D725B41E}.Release|Any CPU.ActiveCfg = Release|Any CPU
	EndGlobalSection
	GlobalSection(SolutionProperties) = preSolution
		HideSolutionNode = FALSE
	EndGlobalSection
	GlobalSection(ExtensibilityGlobals) = postSolution
		SolutionGuid = {40B2927C-D4DA-4925-B045-5437D0DBF6E6}
	EndGlobalSection
EndGlobal
